
Microsoft Visual Studio Solution File, Format Version 12.00
# Visual Studio Version 16
VisualStudioVersion = 16.0.28803.202
MinimumVisualStudioVersion = 10.0.40219.1
Project("{9A19103F-16F7-4668-BE54-9A1E7A4F7556}") = "Snoop", "Snoop\Snoop.csproj", "{ACA9A018-ABF3-4C60-995F-99C4777CED71}"
	ProjectSection(ProjectDependencies) = postProject
		{1E16FD0C-92AA-403D-B949-1F19B96DD3CE} = {1E16FD0C-92AA-403D-B949-1F19B96DD3CE}
		{ACA9A018-ABF3-4C60-995F-99C4777CED75} = {ACA9A018-ABF3-4C60-995F-99C4777CED75}
		{9230AB1B-D116-47E6-86CF-5F580FD39F71} = {9230AB1B-D116-47E6-86CF-5F580FD39F71}
		{9B145044-36D2-464B-9D96-DD168774D53B} = {9B145044-36D2-464B-9D96-DD168774D53B}
		{D4D4824A-2BF9-451D-8A0A-C346B7674B97} = {D4D4824A-2BF9-451D-8A0A-C346B7674B97}
		{2F67B2F0-B7C0-4E19-93BB-C825030A03B1} = {2F67B2F0-B7C0-4E19-93BB-C825030A03B1}
	EndProjectSection
EndProject
Project("{9A19103F-16F7-4668-BE54-9A1E7A4F7556}") = "Snoop.InjectorLauncher", "Snoop.InjectorLauncher\Snoop.InjectorLauncher.csproj", "{ACA9A018-ABF3-4C60-995F-99C4777CED75}"
	ProjectSection(ProjectDependencies) = postProject
		{1E16FD0C-92AA-403D-B949-1F19B96DD3CE} = {1E16FD0C-92AA-403D-B949-1F19B96DD3CE}
	EndProjectSection
EndProject
Project("{2150E333-8FDC-42A3-9474-1A3956D46DE8}") = "Solution Items", "Solution Items", "{7D074176-B8A0-4814-87EB-4C4086C6CE60}"
	ProjectSection(SolutionItems) = preProject
		.editorconfig = .editorconfig
		appveyor.yml = appveyor.yml
		Changelog.md = Changelog.md
		Directory.build.props = Directory.build.props
		Directory.build.targets = Directory.build.targets
		global.json = global.json
		paket.dependencies = paket.dependencies
		paket.lock = paket.lock
		README.md = README.md
		Snoop.ruleset = Snoop.ruleset
	EndProjectSection
EndProject
Project("{9A19103F-16F7-4668-BE54-9A1E7A4F7556}") = "Snoop.Core", "Snoop.Core\Snoop.Core.csproj", "{883A18A9-A386-4342-AC95-9AFC34913FCA}"
EndProject
Project("{8BC9CEB8-8B4A-11D0-8D11-00A0C91BC942}") = "Snoop.GenericInjector", "Snoop.GenericInjector\Snoop.GenericInjector.vcxproj", "{1E16FD0C-92AA-403D-B949-1F19B96DD3CE}"
EndProject
Project("{2150E333-8FDC-42A3-9474-1A3956D46DE8}") = "Artwork", "Artwork", "{711DC50B-353A-4C9D-A0FE-62738C48A731}"
	ProjectSection(SolutionItems) = preProject
		Artwork\Banner.bmp = Artwork\Banner.bmp
		Artwork\Dialog.bmp = Artwork\Dialog.bmp
		Artwork\Snoop.ico = Artwork\Snoop.ico
		Artwork\snoop.png = Artwork\snoop.png
		Artwork\SnoopCamera.design = Artwork\SnoopCamera.design
	EndProjectSection
EndProject
Project("{9A19103F-16F7-4668-BE54-9A1E7A4F7556}") = "Snoop.DataAccess.Generic", "Snoop.DataAccess.Generic\Snoop.DataAccess.Generic.csproj", "{21FE5357-53F0-4F4A-B0D0-5143A2DA834E}"
EndProject
Project("{9A19103F-16F7-4668-BE54-9A1E7A4F7556}") = "Snoop.DataAccess.Wpf", "Snoop.DataAccess.Wpf\Snoop.DataAccess.Wpf.csproj", "{9230AB1B-D116-47E6-86CF-5F580FD39F71}"
EndProject
Project("{9A19103F-16F7-4668-BE54-9A1E7A4F7556}") = "Snoop.DataAccess.WinUI3", "Snoop.DataAccess.WinUI3\Snoop.DataAccess.WinUI3.csproj", "{D4D4824A-2BF9-451D-8A0A-C346B7674B97}"
EndProject
Project("{2150E333-8FDC-42A3-9474-1A3956D46DE8}") = "DataAccess", "DataAccess", "{DF0CEC6D-8A16-4C9F-9572-5EEC182319E7}"
EndProject
Project("{2150E333-8FDC-42A3-9474-1A3956D46DE8}") = "Wpf", "Wpf", "{903922D6-7691-4716-907F-3ADA59D217B4}"
EndProject
Project("{2150E333-8FDC-42A3-9474-1A3956D46DE8}") = "WinUI3", "WinUI3", "{1D71CF0F-FAE3-4682-9D4B-1A5A18732885}"
EndProject
Project("{9A19103F-16F7-4668-BE54-9A1E7A4F7556}") = "Snoop.DataAccess.WinUI3.Locator", "Snoop.DataAccess.WinUI3.Locator\Snoop.DataAccess.WinUI3.Locator.csproj", "{9B145044-36D2-464B-9D96-DD168774D53B}"
	ProjectSection(ProjectDependencies) = postProject
		{D4D4824A-2BF9-451D-8A0A-C346B7674B97} = {D4D4824A-2BF9-451D-8A0A-C346B7674B97}
	EndProjectSection
EndProject
Project("{9A19103F-16F7-4668-BE54-9A1E7A4F7556}") = "Snoop.DataAccess.Wpf.Locator", "Snoop.DataAccess.Wpf.Locator\Snoop.DataAccess.Wpf.Locator.csproj", "{2F67B2F0-B7C0-4E19-93BB-C825030A03B1}"
	ProjectSection(ProjectDependencies) = postProject
		{9230AB1B-D116-47E6-86CF-5F580FD39F71} = {9230AB1B-D116-47E6-86CF-5F580FD39F71}
	EndProjectSection
EndProject
Project("{FAE04EC0-301F-11D3-BF4B-00C04F79EFBC}") = "Snoop.DataAccess.WinUI3.WpfAsmLoader", "Snoop.DataAccess.WinUI3.WpfAsmLoader\Snoop.DataAccess.WinUI3.WpfAsmLoader.csproj", "{B49BAAE3-07CC-4B8D-BB81-38A35024B37C}"
EndProject
Global
	GlobalSection(SolutionConfigurationPlatforms) = preSolution
		CI_Debug|Any CPU = CI_Debug|Any CPU
		CI_Release|Any CPU = CI_Release|Any CPU
		Debug|Any CPU = Debug|Any CPU
		Release|Any CPU = Release|Any CPU
	EndGlobalSection
	GlobalSection(ProjectConfigurationPlatforms) = postSolution
		{ACA9A018-ABF3-4C60-995F-99C4777CED71}.CI_Debug|Any CPU.ActiveCfg = Debug|Any CPU
		{ACA9A018-ABF3-4C60-995F-99C4777CED71}.CI_Debug|Any CPU.Build.0 = Debug|Any CPU
		{ACA9A018-ABF3-4C60-995F-99C4777CED71}.CI_Release|Any CPU.ActiveCfg = Release|Any CPU
		{ACA9A018-ABF3-4C60-995F-99C4777CED71}.CI_Release|Any CPU.Build.0 = Release|Any CPU
		{ACA9A018-ABF3-4C60-995F-99C4777CED71}.Debug|Any CPU.ActiveCfg = Debug|Any CPU
		{ACA9A018-ABF3-4C60-995F-99C4777CED71}.Debug|Any CPU.Build.0 = Debug|Any CPU
		{ACA9A018-ABF3-4C60-995F-99C4777CED71}.Release|Any CPU.ActiveCfg = Release|Any CPU
		{ACA9A018-ABF3-4C60-995F-99C4777CED71}.Release|Any CPU.Build.0 = Release|Any CPU
		{ACA9A018-ABF3-4C60-995F-99C4777CED75}.CI_Debug|Any CPU.ActiveCfg = Debug|Any CPU
		{ACA9A018-ABF3-4C60-995F-99C4777CED75}.CI_Debug|Any CPU.Build.0 = Debug|Any CPU
		{ACA9A018-ABF3-4C60-995F-99C4777CED75}.CI_Release|Any CPU.ActiveCfg = Release|Any CPU
		{ACA9A018-ABF3-4C60-995F-99C4777CED75}.CI_Release|Any CPU.Build.0 = Release|Any CPU
		{ACA9A018-ABF3-4C60-995F-99C4777CED75}.Debug|Any CPU.ActiveCfg = Debug|Any CPU
		{ACA9A018-ABF3-4C60-995F-99C4777CED75}.Debug|Any CPU.Build.0 = Debug|Any CPU
		{ACA9A018-ABF3-4C60-995F-99C4777CED75}.Release|Any CPU.ActiveCfg = Release|Any CPU
		{ACA9A018-ABF3-4C60-995F-99C4777CED75}.Release|Any CPU.Build.0 = Release|Any CPU
		{883A18A9-A386-4342-AC95-9AFC34913FCA}.CI_Debug|Any CPU.ActiveCfg = Debug|Any CPU
		{883A18A9-A386-4342-AC95-9AFC34913FCA}.CI_Debug|Any CPU.Build.0 = Debug|Any CPU
		{883A18A9-A386-4342-AC95-9AFC34913FCA}.CI_Release|Any CPU.ActiveCfg = Release|Any CPU
		{883A18A9-A386-4342-AC95-9AFC34913FCA}.CI_Release|Any CPU.Build.0 = Release|Any CPU
		{883A18A9-A386-4342-AC95-9AFC34913FCA}.Debug|Any CPU.ActiveCfg = Debug|Any CPU
		{883A18A9-A386-4342-AC95-9AFC34913FCA}.Debug|Any CPU.Build.0 = Debug|Any CPU
		{883A18A9-A386-4342-AC95-9AFC34913FCA}.Release|Any CPU.ActiveCfg = Release|Any CPU
		{883A18A9-A386-4342-AC95-9AFC34913FCA}.Release|Any CPU.Build.0 = Release|Any CPU
		{1E16FD0C-92AA-403D-B949-1F19B96DD3CE}.CI_Debug|Any CPU.ActiveCfg = Debug|Win32
		{1E16FD0C-92AA-403D-B949-1F19B96DD3CE}.CI_Release|Any CPU.ActiveCfg = Release|Win32
		{1E16FD0C-92AA-403D-B949-1F19B96DD3CE}.Debug|Any CPU.ActiveCfg = Debug|Win32
		{1E16FD0C-92AA-403D-B949-1F19B96DD3CE}.Debug|Any CPU.Build.0 = Debug|Win32
		{1E16FD0C-92AA-403D-B949-1F19B96DD3CE}.Release|Any CPU.ActiveCfg = Release|Win32
		{1E16FD0C-92AA-403D-B949-1F19B96DD3CE}.Release|Any CPU.Build.0 = Release|Win32
		{21FE5357-53F0-4F4A-B0D0-5143A2DA834E}.CI_Debug|Any CPU.ActiveCfg = Debug|Any CPU
		{21FE5357-53F0-4F4A-B0D0-5143A2DA834E}.CI_Debug|Any CPU.Build.0 = Debug|Any CPU
		{21FE5357-53F0-4F4A-B0D0-5143A2DA834E}.CI_Release|Any CPU.ActiveCfg = Debug|Any CPU
		{21FE5357-53F0-4F4A-B0D0-5143A2DA834E}.CI_Release|Any CPU.Build.0 = Debug|Any CPU
		{21FE5357-53F0-4F4A-B0D0-5143A2DA834E}.Debug|Any CPU.ActiveCfg = Debug|Any CPU
		{21FE5357-53F0-4F4A-B0D0-5143A2DA834E}.Debug|Any CPU.Build.0 = Debug|Any CPU
		{21FE5357-53F0-4F4A-B0D0-5143A2DA834E}.Release|Any CPU.ActiveCfg = Release|Any CPU
		{21FE5357-53F0-4F4A-B0D0-5143A2DA834E}.Release|Any CPU.Build.0 = Release|Any CPU
		{9230AB1B-D116-47E6-86CF-5F580FD39F71}.CI_Debug|Any CPU.ActiveCfg = Debug|Any CPU
		{9230AB1B-D116-47E6-86CF-5F580FD39F71}.CI_Debug|Any CPU.Build.0 = Debug|Any CPU
		{9230AB1B-D116-47E6-86CF-5F580FD39F71}.CI_Release|Any CPU.ActiveCfg = Debug|Any CPU
		{9230AB1B-D116-47E6-86CF-5F580FD39F71}.CI_Release|Any CPU.Build.0 = Debug|Any CPU
		{9230AB1B-D116-47E6-86CF-5F580FD39F71}.Debug|Any CPU.ActiveCfg = Debug|Any CPU
		{9230AB1B-D116-47E6-86CF-5F580FD39F71}.Debug|Any CPU.Build.0 = Debug|Any CPU
		{9230AB1B-D116-47E6-86CF-5F580FD39F71}.Release|Any CPU.ActiveCfg = Release|Any CPU
		{9230AB1B-D116-47E6-86CF-5F580FD39F71}.Release|Any CPU.Build.0 = Release|Any CPU
		{D4D4824A-2BF9-451D-8A0A-C346B7674B97}.CI_Debug|Any CPU.ActiveCfg = Debug|Any CPU
		{D4D4824A-2BF9-451D-8A0A-C346B7674B97}.CI_Debug|Any CPU.Build.0 = Debug|Any CPU
		{D4D4824A-2BF9-451D-8A0A-C346B7674B97}.CI_Release|Any CPU.ActiveCfg = Debug|Any CPU
		{D4D4824A-2BF9-451D-8A0A-C346B7674B97}.CI_Release|Any CPU.Build.0 = Debug|Any CPU
		{D4D4824A-2BF9-451D-8A0A-C346B7674B97}.Debug|Any CPU.ActiveCfg = Debug|Any CPU
		{D4D4824A-2BF9-451D-8A0A-C346B7674B97}.Debug|Any CPU.Build.0 = Debug|Any CPU
		{D4D4824A-2BF9-451D-8A0A-C346B7674B97}.Release|Any CPU.ActiveCfg = Release|Any CPU
		{D4D4824A-2BF9-451D-8A0A-C346B7674B97}.Release|Any CPU.Build.0 = Release|Any CPU
		{9B145044-36D2-464B-9D96-DD168774D53B}.CI_Debug|Any CPU.ActiveCfg = Debug|Any CPU
		{9B145044-36D2-464B-9D96-DD168774D53B}.CI_Debug|Any CPU.Build.0 = Debug|Any CPU
		{9B145044-36D2-464B-9D96-DD168774D53B}.CI_Release|Any CPU.ActiveCfg = Debug|Any CPU
		{9B145044-36D2-464B-9D96-DD168774D53B}.CI_Release|Any CPU.Build.0 = Debug|Any CPU
		{9B145044-36D2-464B-9D96-DD168774D53B}.Debug|Any CPU.ActiveCfg = Debug|Any CPU
		{9B145044-36D2-464B-9D96-DD168774D53B}.Debug|Any CPU.Build.0 = Debug|Any CPU
		{9B145044-36D2-464B-9D96-DD168774D53B}.Release|Any CPU.ActiveCfg = Release|Any CPU
		{9B145044-36D2-464B-9D96-DD168774D53B}.Release|Any CPU.Build.0 = Release|Any CPU
		{2F67B2F0-B7C0-4E19-93BB-C825030A03B1}.CI_Debug|Any CPU.ActiveCfg = Debug|Any CPU
		{2F67B2F0-B7C0-4E19-93BB-C825030A03B1}.CI_Debug|Any CPU.Build.0 = Debug|Any CPU
		{2F67B2F0-B7C0-4E19-93BB-C825030A03B1}.CI_Release|Any CPU.ActiveCfg = Debug|Any CPU
		{2F67B2F0-B7C0-4E19-93BB-C825030A03B1}.CI_Release|Any CPU.Build.0 = Debug|Any CPU
		{2F67B2F0-B7C0-4E19-93BB-C825030A03B1}.Debug|Any CPU.ActiveCfg = Debug|Any CPU
		{2F67B2F0-B7C0-4E19-93BB-C825030A03B1}.Debug|Any CPU.Build.0 = Debug|Any CPU
		{2F67B2F0-B7C0-4E19-93BB-C825030A03B1}.Release|Any CPU.ActiveCfg = Release|Any CPU
		{2F67B2F0-B7C0-4E19-93BB-C825030A03B1}.Release|Any CPU.Build.0 = Release|Any CPU
		{B49BAAE3-07CC-4B8D-BB81-38A35024B37C}.CI_Debug|Any CPU.ActiveCfg = Debug|Any CPU
		{B49BAAE3-07CC-4B8D-BB81-38A35024B37C}.CI_Debug|Any CPU.Build.0 = Debug|Any CPU
		{B49BAAE3-07CC-4B8D-BB81-38A35024B37C}.CI_Release|Any CPU.ActiveCfg = Debug|Any CPU
		{B49BAAE3-07CC-4B8D-BB81-38A35024B37C}.CI_Release|Any CPU.Build.0 = Debug|Any CPU
		{B49BAAE3-07CC-4B8D-BB81-38A35024B37C}.Debug|Any CPU.ActiveCfg = Debug|Any CPU
		{B49BAAE3-07CC-4B8D-BB81-38A35024B37C}.Debug|Any CPU.Build.0 = Debug|Any CPU
		{B49BAAE3-07CC-4B8D-BB81-38A35024B37C}.Release|Any CPU.ActiveCfg = Release|Any CPU
		{B49BAAE3-07CC-4B8D-BB81-38A35024B37C}.Release|Any CPU.Build.0 = Release|Any CPU
	EndGlobalSection
	GlobalSection(SolutionProperties) = preSolution
		HideSolutionNode = FALSE
	EndGlobalSection
	GlobalSection(NestedProjects) = preSolution
		{21FE5357-53F0-4F4A-B0D0-5143A2DA834E} = {DF0CEC6D-8A16-4C9F-9572-5EEC182319E7}
		{9230AB1B-D116-47E6-86CF-5F580FD39F71} = {903922D6-7691-4716-907F-3ADA59D217B4}
		{D4D4824A-2BF9-451D-8A0A-C346B7674B97} = {1D71CF0F-FAE3-4682-9D4B-1A5A18732885}
		{903922D6-7691-4716-907F-3ADA59D217B4} = {DF0CEC6D-8A16-4C9F-9572-5EEC182319E7}
		{1D71CF0F-FAE3-4682-9D4B-1A5A18732885} = {DF0CEC6D-8A16-4C9F-9572-5EEC182319E7}
		{9B145044-36D2-464B-9D96-DD168774D53B} = {1D71CF0F-FAE3-4682-9D4B-1A5A18732885}
		{2F67B2F0-B7C0-4E19-93BB-C825030A03B1} = {903922D6-7691-4716-907F-3ADA59D217B4}
		{B49BAAE3-07CC-4B8D-BB81-38A35024B37C} = {1D71CF0F-FAE3-4682-9D4B-1A5A18732885}
	EndGlobalSection
	GlobalSection(ExtensibilityGlobals) = postSolution
		SolutionGuid = {F8E09F8F-9250-46F3-B17D-66C71921760D}
	EndGlobalSection
EndGlobal
